
Microsoft Visual Studio Solution File, Format Version 12.00
Project("{FAE04EC0-301F-11D3-BF4B-00C04F79EFBC}") = "UnrealSaveDumper", "UnrealSaveDumper\UnrealSaveDumper.csproj", "{DB7CF3DD-DD27-4AF3-BFC4-E0679731795D}"
EndProject
Project("{FAE04EC0-301F-11D3-BF4B-00C04F79EFBC}") = "CUE4Parse", "CUE4Parse\CUE4Parse\CUE4Parse.csproj", "{D83C80A8-1E3E-4CEC-9959-762B46434532}"
EndProject
Global
	GlobalSection(SolutionConfigurationPlatforms) = preSolution
		Debug|Any CPU = Debug|Any CPU
		Release|Any CPU = Release|Any CPU
	EndGlobalSection
	GlobalSection(ProjectConfigurationPlatforms) = postSolution
		{DB7CF3DD-DD27-4AF3-BFC4-E0679731795D}.Debug|Any CPU.ActiveCfg = Debug|Any CPU
		{DB7CF3DD-DD27-4AF3-BFC4-E0679731795D}.Debug|Any CPU.Build.0 = Debug|Any CPU
		{DB7CF3DD-DD27-4AF3-BFC4-E0679731795D}.Release|Any CPU.ActiveCfg = Release|Any CPU
		{DB7CF3DD-DD27-4AF3-BFC4-E0679731795D}.Release|Any CPU.Build.0 = Release|Any CPU
		{D83C80A8-1E3E-4CEC-9959-762B46434532}.Debug|Any CPU.ActiveCfg = Debug|Any CPU
		{D83C80A8-1E3E-4CEC-9959-762B46434532}.Debug|Any CPU.Build.0 = Debug|Any CPU
		{D83C80A8-1E3E-4CEC-9959-762B46434532}.Release|Any CPU.ActiveCfg = Release|Any CPU
		{D83C80A8-1E3E-4CEC-9959-762B46434532}.Release|Any CPU.Build.0 = Release|Any CPU
	EndGlobalSection
EndGlobal
